
Microsoft Visual Studio Solution File, Format Version 12.00
# Visual Studio Version 17
VisualStudioVersion = 17.3.32929.385
MinimumVisualStudioVersion = 10.0.40219.1
Project("{FAE04EC0-301F-11D3-BF4B-00C04F79EFBC}") = "GUI", "TP_GARAGE\GUI.csproj", "{CD81D555-992A-4C9D-806F-3ED7066627F5}"
EndProject
Project("{FAE04EC0-301F-11D3-BF4B-00C04F79EFBC}") = "BLL", "LibraryGarage\BLL.csproj", "{D6AE9262-F670-491D-898C-DF746660D60B}"
EndProject
Global
	GlobalSection(SolutionConfigurationPlatforms) = preSolution
		Debug|Any CPU = Debug|Any CPU
		Release|Any CPU = Release|Any CPU
	EndGlobalSection
	GlobalSection(ProjectConfigurationPlatforms) = postSolution
		{CD81D555-992A-4C9D-806F-3ED7066627F5}.Debug|Any CPU.ActiveCfg = Debug|Any CPU
		{CD81D555-992A-4C9D-806F-3ED7066627F5}.Debug|Any CPU.Build.0 = Debug|Any CPU
		{CD81D555-992A-4C9D-806F-3ED7066627F5}.Release|Any CPU.ActiveCfg = Release|Any CPU
		{CD81D555-992A-4C9D-806F-3ED7066627F5}.Release|Any CPU.Build.0 = Release|Any CPU
		{D6AE9262-F670-491D-898C-DF746660D60B}.Debug|Any CPU.ActiveCfg = Debug|Any CPU
		{D6AE9262-F670-491D-898C-DF746660D60B}.Debug|Any CPU.Build.0 = Debug|Any CPU
		{D6AE9262-F670-491D-898C-DF746660D60B}.Release|Any CPU.ActiveCfg = Release|Any CPU
		{D6AE9262-F670-491D-898C-DF746660D60B}.Release|Any CPU.Build.0 = Release|Any CPU
	EndGlobalSection
	GlobalSection(SolutionProperties) = preSolution
		HideSolutionNode = FALSE
	EndGlobalSection
	GlobalSection(ExtensibilityGlobals) = postSolution
		SolutionGuid = {54DEB047-D81E-482C-B013-9F66CBDC494F}
	EndGlobalSection
EndGlobal
